
Microsoft Visual Studio Solution File, Format Version 12.00
# Visual Studio Version 17
VisualStudioVersion = 17.0.31903.59
MinimumVisualStudioVersion = 10.0.40219.1
Project("{9A19103F-16F7-4668-BE54-9A1E7A4F7556}") = "design-patterns", "design-patterns\design-patterns.csproj", "{C0B06709-5C52-4428-9E38-7BC3B352B567}"
EndProject
Project("{FAE04EC0-301F-11D3-BF4B-00C04F79EFBC}") = "design-pattern.Tests", "design-pattern.Tests\design-pattern.Tests.csproj", "{86B0DFF2-BDFB-41B9-9E61-D3578A5FC0DB}"
EndProject
Global
	GlobalSection(SolutionConfigurationPlatforms) = preSolution
		Debug|Any CPU = Debug|Any CPU
		Release|Any CPU = Release|Any CPU
	EndGlobalSection
	GlobalSection(ProjectConfigurationPlatforms) = postSolution
		{C0B06709-5C52-4428-9E38-7BC3B352B567}.Debug|Any CPU.ActiveCfg = Debug|Any CPU
		{C0B06709-5C52-4428-9E38-7BC3B352B567}.Debug|Any CPU.Build.0 = Debug|Any CPU
		{C0B06709-5C52-4428-9E38-7BC3B352B567}.Release|Any CPU.ActiveCfg = Release|Any CPU
		{C0B06709-5C52-4428-9E38-7BC3B352B567}.Release|Any CPU.Build.0 = Release|Any CPU
		{86B0DFF2-BDFB-41B9-9E61-D3578A5FC0DB}.Debug|Any CPU.ActiveCfg = Debug|Any CPU
		{86B0DFF2-BDFB-41B9-9E61-D3578A5FC0DB}.Debug|Any CPU.Build.0 = Debug|Any CPU
		{86B0DFF2-BDFB-41B9-9E61-D3578A5FC0DB}.Release|Any CPU.ActiveCfg = Release|Any CPU
		{86B0DFF2-BDFB-41B9-9E61-D3578A5FC0DB}.Release|Any CPU.Build.0 = Release|Any CPU
	EndGlobalSection
	GlobalSection(SolutionProperties) = preSolution
		HideSolutionNode = FALSE
	EndGlobalSection
	GlobalSection(ExtensibilityGlobals) = postSolution
		SolutionGuid = {5DF826B0-F3EA-48F1-A7A3-9CFBEF6EAE18}
	EndGlobalSection
EndGlobal
