
Microsoft Visual Studio Solution File, Format Version 12.00
# Visual Studio Version 17
VisualStudioVersion = 17.1.32421.90
MinimumVisualStudioVersion = 10.0.40219.1
Project("{9A19103F-16F7-4668-BE54-9A1E7A4F7556}") = "design-patterns", "src\design-patterns.csproj", "{55EB654E-7DDA-4F75-9313-FD681AE60C09}"
EndProject
Project("{9A19103F-16F7-4668-BE54-9A1E7A4F7556}") = "design-patterns.tests", "tests\design-patterns.tests.csproj", "{E6876D78-1ACE-444D-BA66-B85D77FBB29F}"
EndProject
Global
	GlobalSection(SolutionConfigurationPlatforms) = preSolution
		Debug|Any CPU = Debug|Any CPU
		Release|Any CPU = Release|Any CPU
	EndGlobalSection
	GlobalSection(ProjectConfigurationPlatforms) = postSolution
		{55EB654E-7DDA-4F75-9313-FD681AE60C09}.Debug|Any CPU.ActiveCfg = Debug|Any CPU
		{55EB654E-7DDA-4F75-9313-FD681AE60C09}.Debug|Any CPU.Build.0 = Debug|Any CPU
		{55EB654E-7DDA-4F75-9313-FD681AE60C09}.Release|Any CPU.ActiveCfg = Release|Any CPU
		{55EB654E-7DDA-4F75-9313-FD681AE60C09}.Release|Any CPU.Build.0 = Release|Any CPU
		{E6876D78-1ACE-444D-BA66-B85D77FBB29F}.Debug|Any CPU.ActiveCfg = Debug|Any CPU
		{E6876D78-1ACE-444D-BA66-B85D77FBB29F}.Debug|Any CPU.Build.0 = Debug|Any CPU
		{E6876D78-1ACE-444D-BA66-B85D77FBB29F}.Release|Any CPU.ActiveCfg = Release|Any CPU
		{E6876D78-1ACE-444D-BA66-B85D77FBB29F}.Release|Any CPU.Build.0 = Release|Any CPU
	EndGlobalSection
	GlobalSection(SolutionProperties) = preSolution
		HideSolutionNode = FALSE
	EndGlobalSection
	GlobalSection(ExtensibilityGlobals) = postSolution
		SolutionGuid = {DA0206AE-8A40-41EA-BCCC-BD7C51D0B0B6}
	EndGlobalSection
EndGlobal
